Microsoft Visual Studio Solution File, Format Version 12.00
# Visual Studio Version 17
VisualStudioVersion = 17.5.2.0
MinimumVisualStudioVersion = 10.0.40219.1
Project("{2150E333-8FDC-42A3-9474-1A3956D46DE8}") = "Exercises", "Exercises", "{72EF5EB1-B308-CD20-4E1B-89C2486FD9E1}"
EndProject
Project("{2150E333-8FDC-42A3-9474-1A3956D46DE8}") = "Lessons", "Lessons", "{8192351E-FD52-EF8C-5575-C33A8383A8C9}"
EndProject
Project("{FAE04EC0-301F-11D3-BF4B-00C04F79EFBC}") = "favorite-color", "Exercises\favorite-color\favorite-color.csproj", "{F8D8696F-59FE-BB07-53B6-DA2BEDB804B4}"
EndProject
Project("{FAE04EC0-301F-11D3-BF4B-00C04F79EFBC}") = "conditionals", "Lessons\3_logic\conditionals\conditionals.csproj", "{E20F2376-7E9B-A05C-91DF-A67D0C3E6585}"
EndProject
Project("{FAE04EC0-301F-11D3-BF4B-00C04F79EFBC}") = "intro", "Lessons\1_intro\intro.csproj", "{1D71B320-C3F8-F1AD-8B79-37F3B23235F8}"
EndProject
Project("{FAE04EC0-301F-11D3-BF4B-00C04F79EFBC}") = "operators", "Lessons\3_logic\operators\operators.csproj", "{45C24BD1-6657-0456-3557-53010B0D93AC}"
EndProject
Project("{FAE04EC0-301F-11D3-BF4B-00C04F79EFBC}") = "castings", "Lessons\2_data_types\castings\castings.csproj", "{27933658-B876-2FF4-B2EB-AEB84B7EDFF4}"
EndProject
Project("{FAE04EC0-301F-11D3-BF4B-00C04F79EFBC}") = "array", "Lessons\2_data_types\array\array.csproj", "{70116FB0-8BAB-B353-1772-60A4990E1369}"
EndProject
Project("{FAE04EC0-301F-11D3-BF4B-00C04F79EFBC}") = "primitives", "Lessons\2_data_types\primitives\primitives.csproj", "{9ACA6037-AC37-1820-E28D-A4C5B0A1D970}"
EndProject
Project("{FAE04EC0-301F-11D3-BF4B-00C04F79EFBC}") = "loops", "Lessons\3_logic\loops\loops.csproj", "{55E7DFBD-800F-1E46-5F41-03B4D55D93DE}"
EndProject
Global
	GlobalSection(SolutionConfigurationPlatforms) = preSolution
		Debug|Any CPU = Debug|Any CPU
		Release|Any CPU = Release|Any CPU
	EndGlobalSection
	GlobalSection(ProjectConfigurationPlatforms) = postSolution
		{F8D8696F-59FE-BB07-53B6-DA2BEDB804B4}.Debug|Any CPU.ActiveCfg = Debug|Any CPU
		{F8D8696F-59FE-BB07-53B6-DA2BEDB804B4}.Debug|Any CPU.Build.0 = Debug|Any CPU
		{F8D8696F-59FE-BB07-53B6-DA2BEDB804B4}.Release|Any CPU.ActiveCfg = Release|Any CPU
		{F8D8696F-59FE-BB07-53B6-DA2BEDB804B4}.Release|Any CPU.Build.0 = Release|Any CPU
		{E20F2376-7E9B-A05C-91DF-A67D0C3E6585}.Debug|Any CPU.ActiveCfg = Debug|Any CPU
		{E20F2376-7E9B-A05C-91DF-A67D0C3E6585}.Debug|Any CPU.Build.0 = Debug|Any CPU
		{E20F2376-7E9B-A05C-91DF-A67D0C3E6585}.Release|Any CPU.ActiveCfg = Release|Any CPU
		{E20F2376-7E9B-A05C-91DF-A67D0C3E6585}.Release|Any CPU.Build.0 = Release|Any CPU
		{1D71B320-C3F8-F1AD-8B79-37F3B23235F8}.Debug|Any CPU.ActiveCfg = Debug|Any CPU
		{1D71B320-C3F8-F1AD-8B79-37F3B23235F8}.Debug|Any CPU.Build.0 = Debug|Any CPU
		{1D71B320-C3F8-F1AD-8B79-37F3B23235F8}.Release|Any CPU.ActiveCfg = Release|Any CPU
		{1D71B320-C3F8-F1AD-8B79-37F3B23235F8}.Release|Any CPU.Build.0 = Release|Any CPU
		{45C24BD1-6657-0456-3557-53010B0D93AC}.Debug|Any CPU.ActiveCfg = Debug|Any CPU
		{45C24BD1-6657-0456-3557-53010B0D93AC}.Debug|Any CPU.Build.0 = Debug|Any CPU
		{45C24BD1-6657-0456-3557-53010B0D93AC}.Release|Any CPU.ActiveCfg = Release|Any CPU
		{45C24BD1-6657-0456-3557-53010B0D93AC}.Release|Any CPU.Build.0 = Release|Any CPU
		{27933658-B876-2FF4-B2EB-AEB84B7EDFF4}.Debug|Any CPU.ActiveCfg = Debug|Any CPU
		{27933658-B876-2FF4-B2EB-AEB84B7EDFF4}.Debug|Any CPU.Build.0 = Debug|Any CPU
		{27933658-B876-2FF4-B2EB-AEB84B7EDFF4}.Release|Any CPU.ActiveCfg = Release|Any CPU
		{27933658-B876-2FF4-B2EB-AEB84B7EDFF4}.Release|Any CPU.Build.0 = Release|Any CPU
		{70116FB0-8BAB-B353-1772-60A4990E1369}.Debug|Any CPU.ActiveCfg = Debug|Any CPU
		{70116FB0-8BAB-B353-1772-60A4990E1369}.Debug|Any CPU.Build.0 = Debug|Any CPU
		{70116FB0-8BAB-B353-1772-60A4990E1369}.Release|Any CPU.ActiveCfg = Release|Any CPU
		{70116FB0-8BAB-B353-1772-60A4990E1369}.Release|Any CPU.Build.0 = Release|Any CPU
		{9ACA6037-AC37-1820-E28D-A4C5B0A1D970}.Debug|Any CPU.ActiveCfg = Debug|Any CPU
		{9ACA6037-AC37-1820-E28D-A4C5B0A1D970}.Debug|Any CPU.Build.0 = Debug|Any CPU
		{9ACA6037-AC37-1820-E28D-A4C5B0A1D970}.Release|Any CPU.ActiveCfg = Release|Any CPU
		{9ACA6037-AC37-1820-E28D-A4C5B0A1D970}.Release|Any CPU.Build.0 = Release|Any CPU
		{55E7DFBD-800F-1E46-5F41-03B4D55D93DE}.Debug|Any CPU.ActiveCfg = Debug|Any CPU
		{55E7DFBD-800F-1E46-5F41-03B4D55D93DE}.Debug|Any CPU.Build.0 = Debug|Any CPU
		{55E7DFBD-800F-1E46-5F41-03B4D55D93DE}.Release|Any CPU.ActiveCfg = Release|Any CPU
		{55E7DFBD-800F-1E46-5F41-03B4D55D93DE}.Release|Any CPU.Build.0 = Release|Any CPU
	EndGlobalSection
	GlobalSection(SolutionProperties) = preSolution
		HideSolutionNode = FALSE
	EndGlobalSection
	GlobalSection(NestedProjects) = preSolution
		{F8D8696F-59FE-BB07-53B6-DA2BEDB804B4} = {72EF5EB1-B308-CD20-4E1B-89C2486FD9E1}
		{E20F2376-7E9B-A05C-91DF-A67D0C3E6585} = {8192351E-FD52-EF8C-5575-C33A8383A8C9}
		{1D71B320-C3F8-F1AD-8B79-37F3B23235F8} = {8192351E-FD52-EF8C-5575-C33A8383A8C9}
		{45C24BD1-6657-0456-3557-53010B0D93AC} = {8192351E-FD52-EF8C-5575-C33A8383A8C9}
		{27933658-B876-2FF4-B2EB-AEB84B7EDFF4} = {8192351E-FD52-EF8C-5575-C33A8383A8C9}
		{70116FB0-8BAB-B353-1772-60A4990E1369} = {8192351E-FD52-EF8C-5575-C33A8383A8C9}
		{9ACA6037-AC37-1820-E28D-A4C5B0A1D970} = {8192351E-FD52-EF8C-5575-C33A8383A8C9}
		{55E7DFBD-800F-1E46-5F41-03B4D55D93DE} = {8192351E-FD52-EF8C-5575-C33A8383A8C9}
	EndGlobalSection
	GlobalSection(ExtensibilityGlobals) = postSolution
		SolutionGuid = {F7E39F36-5429-49AB-8849-2A7084F766AD}
	EndGlobalSection
EndGlobal
